
Microsoft Visual Studio Solution File, Format Version 12.00
# Visual Studio 15
VisualStudioVersion = 15.0.28010.2026
MinimumVisualStudioVersion = 10.0.40219.1
Project("{9A19103F-16F7-4668-BE54-9A1E7A4F7556}") = "Balivo.AppCenterClient", "Balivo.AppCenterClient.csproj", "{15AB044E-ADBB-4061-A27B-18DEE7F7AEA7}"
EndProject
Global
	GlobalSection(SolutionConfigurationPlatforms) = preSolution
		Debug|Any CPU = Debug|Any CPU
		Release|Any CPU = Release|Any CPU
	EndGlobalSection
	GlobalSection(ProjectConfigurationPlatforms) = postSolution
		{15AB044E-ADBB-4061-A27B-18DEE7F7AEA7}.Debug|Any CPU.ActiveCfg = Debug|Any CPU
		{15AB044E-ADBB-4061-A27B-18DEE7F7AEA7}.Debug|Any CPU.Build.0 = Debug|Any CPU
		{15AB044E-ADBB-4061-A27B-18DEE7F7AEA7}.Release|Any CPU.ActiveCfg = Release|Any CPU
		{15AB044E-ADBB-4061-A27B-18DEE7F7AEA7}.Release|Any CPU.Build.0 = Release|Any CPU
	EndGlobalSection
	GlobalSection(SolutionProperties) = preSolution
		HideSolutionNode = FALSE
	EndGlobalSection
	GlobalSection(ExtensibilityGlobals) = postSolution
		SolutionGuid = {55CB78B4-0D25-4D3B-94D3-DE792DF66572}
	EndGlobalSection
EndGlobal
